
Microsoft Visual Studio Solution File, Format Version 12.00
# Visual Studio Version 16
VisualStudioVersion = 16.0.29509.3
MinimumVisualStudioVersion = 10.0.40219.1
Project("{FAE04EC0-301F-11D3-BF4B-00C04F79EFBC}") = "teststruct", "teststruct\teststruct.csproj", "{072CEF3B-FD1D-4B69-A509-2C34F94AE600}"
EndProject
Global
	GlobalSection(SolutionConfigurationPlatforms) = preSolution
		Debug|Any CPU = Debug|Any CPU
		Release|Any CPU = Release|Any CPU
	EndGlobalSection
	GlobalSection(ProjectConfigurationPlatforms) = postSolution
		{072CEF3B-FD1D-4B69-A509-2C34F94AE600}.Debug|Any CPU.ActiveCfg = Debug|Any CPU
		{072CEF3B-FD1D-4B69-A509-2C34F94AE600}.Debug|Any CPU.Build.0 = Debug|Any CPU
		{072CEF3B-FD1D-4B69-A509-2C34F94AE600}.Release|Any CPU.ActiveCfg = Release|Any CPU
		{072CEF3B-FD1D-4B69-A509-2C34F94AE600}.Release|Any CPU.Build.0 = Release|Any CPU
	EndGlobalSection
	GlobalSection(SolutionProperties) = preSolution
		HideSolutionNode = FALSE
	EndGlobalSection
	GlobalSection(ExtensibilityGlobals) = postSolution
		SolutionGuid = {B654E6D5-AD81-4DD8-8BD1-DB9DFB777FE3}
	EndGlobalSection
EndGlobal
