
Microsoft Visual Studio Solution File, Format Version 12.00
# Visual Studio Version 16
VisualStudioVersion = 16.0.29509.3
MinimumVisualStudioVersion = 10.0.40219.1
Project("{FAE04EC0-301F-11D3-BF4B-00C04F79EFBC}") = "testarraystruct", "testarraystruct\testarraystruct.csproj", "{87FFE777-5826-47B2-879C-4A616D338481}"
EndProject
Global
	GlobalSection(SolutionConfigurationPlatforms) = preSolution
		Debug|Any CPU = Debug|Any CPU
		Release|Any CPU = Release|Any CPU
	EndGlobalSection
	GlobalSection(ProjectConfigurationPlatforms) = postSolution
		{87FFE777-5826-47B2-879C-4A616D338481}.Debug|Any CPU.ActiveCfg = Debug|Any CPU
		{87FFE777-5826-47B2-879C-4A616D338481}.Debug|Any CPU.Build.0 = Debug|Any CPU
		{87FFE777-5826-47B2-879C-4A616D338481}.Release|Any CPU.ActiveCfg = Release|Any CPU
		{87FFE777-5826-47B2-879C-4A616D338481}.Release|Any CPU.Build.0 = Release|Any CPU
	EndGlobalSection
	GlobalSection(SolutionProperties) = preSolution
		HideSolutionNode = FALSE
	EndGlobalSection
	GlobalSection(ExtensibilityGlobals) = postSolution
		SolutionGuid = {8A2947E7-C758-40DC-A81C-B638B5B0DE10}
	EndGlobalSection
EndGlobal
