
Microsoft Visual Studio Solution File, Format Version 12.00
# Visual Studio Version 16
VisualStudioVersion = 16.0.29509.3
MinimumVisualStudioVersion = 10.0.40219.1
Project("{FAE04EC0-301F-11D3-BF4B-00C04F79EFBC}") = "switch", "switch\switch.csproj", "{351812D2-3CA5-4FD5-8230-0A8581A6CEB7}"
EndProject
Global
	GlobalSection(SolutionConfigurationPlatforms) = preSolution
		Debug|Any CPU = Debug|Any CPU
		Release|Any CPU = Release|Any CPU
	EndGlobalSection
	GlobalSection(ProjectConfigurationPlatforms) = postSolution
		{351812D2-3CA5-4FD5-8230-0A8581A6CEB7}.Debug|Any CPU.ActiveCfg = Debug|Any CPU
		{351812D2-3CA5-4FD5-8230-0A8581A6CEB7}.Debug|Any CPU.Build.0 = Debug|Any CPU
		{351812D2-3CA5-4FD5-8230-0A8581A6CEB7}.Release|Any CPU.ActiveCfg = Release|Any CPU
		{351812D2-3CA5-4FD5-8230-0A8581A6CEB7}.Release|Any CPU.Build.0 = Release|Any CPU
	EndGlobalSection
	GlobalSection(SolutionProperties) = preSolution
		HideSolutionNode = FALSE
	EndGlobalSection
	GlobalSection(ExtensibilityGlobals) = postSolution
		SolutionGuid = {4BDDE715-6DAE-4219-9786-D74BBD531615}
	EndGlobalSection
EndGlobal
