
Microsoft Visual Studio Solution File, Format Version 12.00
# Visual Studio Version 16
VisualStudioVersion = 16.0.29509.3
MinimumVisualStudioVersion = 10.0.40219.1
Project("{9092AA53-FB77-4645-B42D-1CCCA6BD08BD}") = "testNode", "testNode\testNode.njsproj", "{BC6FC084-BE91-41DC-81BF-8B02A7EE6E15}"
EndProject
Global
	GlobalSection(SolutionConfigurationPlatforms) = preSolution
		Debug|Any CPU = Debug|Any CPU
		Release|Any CPU = Release|Any CPU
	EndGlobalSection
	GlobalSection(ProjectConfigurationPlatforms) = postSolution
		{BC6FC084-BE91-41DC-81BF-8B02A7EE6E15}.Debug|Any CPU.ActiveCfg = Debug|Any CPU
		{BC6FC084-BE91-41DC-81BF-8B02A7EE6E15}.Debug|Any CPU.Build.0 = Debug|Any CPU
		{BC6FC084-BE91-41DC-81BF-8B02A7EE6E15}.Release|Any CPU.ActiveCfg = Release|Any CPU
		{BC6FC084-BE91-41DC-81BF-8B02A7EE6E15}.Release|Any CPU.Build.0 = Release|Any CPU
	EndGlobalSection
	GlobalSection(SolutionProperties) = preSolution
		HideSolutionNode = FALSE
	EndGlobalSection
	GlobalSection(ExtensibilityGlobals) = postSolution
		SolutionGuid = {95AAD27C-3548-459F-BE0F-9EA00DAE254D}
	EndGlobalSection
EndGlobal
